PODS:
  - Extension/ViewController (0.1.4)
  - Roundabout (0.1.0):
    - Extension/ViewController

DEPENDENCIES:
  - Extension/ViewController (from `../../Extension`)
  - Roundabout (from `../`)

EXTERNAL SOURCES:
  Extension:
    :path: "../../Extension"
  Roundabout:
    :path: "../"

SPEC CHECKSUMS:
  Extension: 43d892600171030431986d5d6ef47ecafd521dcf
  Roundabout: 36039afcaa28b4ba54c77ccb35aaeb3d7a7fe150

PODFILE CHECKSUM: 88862fab345910867cbdb5708b0e41a537a62476

COCOAPODS: 1.12.1
